
Microsoft Visual Studio Solution File, Format Version 12.00
# Visual Studio Version 17
VisualStudioVersion = 17.14.36518.9 d17.14
MinimumVisualStudioVersion = 10.0.40219.1
Project("{FAE04EC0-301F-11D3-BF4B-00C04F79EFBC}") = "eindProject", "eindProject\eindProject.csproj", "{C936B27B-468B-436B-A2C7-317988B90ABB}"
EndProject
Global
	GlobalSection(SolutionConfigurationPlatforms) = preSolution
		Debug|Any CPU = Debug|Any CPU
		Release|Any CPU = Release|Any CPU
	EndGlobalSection
	GlobalSection(ProjectConfigurationPlatforms) = postSolution
		{C936B27B-468B-436B-A2C7-317988B90ABB}.Debug|Any CPU.ActiveCfg = Debug|Any CPU
		{C936B27B-468B-436B-A2C7-317988B90ABB}.Debug|Any CPU.Build.0 = Debug|Any CPU
		{C936B27B-468B-436B-A2C7-317988B90ABB}.Release|Any CPU.ActiveCfg = Release|Any CPU
		{C936B27B-468B-436B-A2C7-317988B90ABB}.Release|Any CPU.Build.0 = Release|Any CPU
	EndGlobalSection
	GlobalSection(SolutionProperties) = preSolution
		HideSolutionNode = FALSE
	EndGlobalSection
	GlobalSection(ExtensibilityGlobals) = postSolution
		SolutionGuid = {6333C665-8B30-42CA-86E6-700BA2F4353C}
	EndGlobalSection
EndGlobal
